
Microsoft Visual Studio Solution File, Format Version 12.00
# Visual Studio Version 17
VisualStudioVersion = 17.5.33414.496
MinimumVisualStudioVersion = 10.0.40219.1
Project("{9A19103F-16F7-4668-BE54-9A1E7A4F7556}") = "BibliotecasDicas", "BibliotecasDicas.csproj", "{21C15E6F-C7B9-42D4-B605-924F9083E438}"
EndProject
Global
	GlobalSection(SolutionConfigurationPlatforms) = preSolution
		Debug|Any CPU = Debug|Any CPU
		Release|Any CPU = Release|Any CPU
	EndGlobalSection
	GlobalSection(ProjectConfigurationPlatforms) = postSolution
		{21C15E6F-C7B9-42D4-B605-924F9083E438}.Debug|Any CPU.ActiveCfg = Debug|Any CPU
		{21C15E6F-C7B9-42D4-B605-924F9083E438}.Debug|Any CPU.Build.0 = Debug|Any CPU
		{21C15E6F-C7B9-42D4-B605-924F9083E438}.Release|Any CPU.ActiveCfg = Release|Any CPU
		{21C15E6F-C7B9-42D4-B605-924F9083E438}.Release|Any CPU.Build.0 = Release|Any CPU
	EndGlobalSection
	GlobalSection(SolutionProperties) = preSolution
		HideSolutionNode = FALSE
	EndGlobalSection
	GlobalSection(ExtensibilityGlobals) = postSolution
		SolutionGuid = {C0F4D51E-C936-4CF2-A524-1E81128810F1}
	EndGlobalSection
EndGlobal
